<?xml version="1.0" encoding="utf-8"?>
<Project ToolsVersion="4.0" xmlns="http://schemas.microsoft.com/developer/msbuild/2003">
  <ItemGroup>
    <Filter Include="Ragdoll">
      <UniqueIdentifier>{8A10AC95-F6EF-2A31-FF07-B6076B669192}</UniqueIdentifier>
    </Filter>
    <Filter Include="Ragdoll\Events">
      <UniqueIdentifier>{2E7D6C40-1A4B-6046-03DF-D06CEF4B3CAB}</UniqueIdentifier>
    </Filter>
  </ItemGroup>
  <ItemGroup>
    <ClInclude Include="src\Ragdoll.h" />
    <ClInclude Include="src\Ragdoll\Application.h">
      <Filter>Ragdoll</Filter>
    </ClInclude>
    <ClInclude Include="src\Ragdoll\Core.h">
      <Filter>Ragdoll</Filter>
    </ClInclude>
    <ClInclude Include="src\Ragdoll\EntryPoint.h">
      <Filter>Ragdoll</Filter>
    </ClInclude>
    <ClInclude Include="src\Ragdoll\Events\ApplicationEvent.h">
      <Filter>Ragdoll\Events</Filter>
    </ClInclude>
    <ClInclude Include="src\Ragdoll\Events\Event.h">
      <Filter>Ragdoll\Events</Filter>
    </ClInclude>
    <ClInclude Include="src\Ragdoll\Events\KeyEvent.h">
      <Filter>Ragdoll\Events</Filter>
    </ClInclude>
    <ClInclude Include="src\Ragdoll\Events\MouseEvent.h">
      <Filter>Ragdoll\Events</Filter>
    </ClInclude>
    <ClInclude Include="src\Ragdoll\Log.h">
      <Filter>Ragdoll</Filter>
    </ClInclude>
    <ClInclude Include="src\ragpch.h" />
  </ItemGroup>
  <ItemGroup>
    <ClCompile Include="src\Ragdoll\Application.cpp">
      <Filter>Ragdoll</Filter>
    </ClCompile>
    <ClCompile Include="src\Ragdoll\Log.cpp">
      <Filter>Ragdoll</Filter>
    </ClCompile>
    <ClCompile Include="src\ragpch.cpp" />
  </ItemGroup>
</Project>